{
  "name": "npm-lock-fixture",
  "version": "0.0.1",
  "lockfileVersion": 3,
  "packages": {
    "": {
      "name": "npm-lock-fixture",
      "version": "0.0.1",
      "dependencies": {
        "widget": "^3.0.0"
      }
    },
    "node_modules/widget": {
      "version": "3.2.1",
      "resolved": "https://example.invalid/widget/-/widget-3.2.1.tgz"
    }
  }
}
