golang.org/x/oauth2 v0.36.0 h1:peZ/1z27fi9hUOFCAZaHyrpWG5lwe0RJEEEeH0ThlIs=
golang.org/x/oauth2 v0.36.0/go.mod h1:YDBUJMTkDnJS+A4BP4eZBjCqtokkg1hODuPjwiGPO7Q=
golang.org/x/sync v0.21.0 h1:HLII4xRRTtCRkxYp4HNFF0Js/Og6q2i++KXbg0gHCwM=
golang.org/x/sync v0.21.0/go.mod h1:9xrNwdLfx4jkKbNva9FpL6vEN7evnE43NNNJQ2LF3+0=
